
Microsoft Visual Studio Solution File, Format Version 12.00
# Visual Studio Version 17
VisualStudioVersion = 17.0.31903.59
MinimumVisualStudioVersion = 10.0.40219.1
Project("{FAE04EC0-301F-11D3-BF4B-00C04F79EFBC}") = "Demo", "Demo\Demo.csproj", "{B71745C4-B37C-4D8D-B565-FC88ABE21619}"
EndProject
Project("{FAE04EC0-301F-11D3-BF4B-00C04F79EFBC}") = "Demo.Client", "Demo.Client\Demo.Client.csproj", "{795CE307-531C-4CB5-A5EA-4D22A85BB0DC}"
EndProject
Project("{FAE04EC0-301F-11D3-BF4B-00C04F79EFBC}") = "Demo.Test", "Demo.Test\Demo.Test.csproj", "{1F2CBA49-7192-4645-9441-5AAD94143682}"
EndProject
Global
	GlobalSection(SolutionConfigurationPlatforms) = preSolution
		Debug|Any CPU = Debug|Any CPU
		Release|Any CPU = Release|Any CPU
	EndGlobalSection
	GlobalSection(SolutionProperties) = preSolution
		HideSolutionNode = FALSE
	EndGlobalSection
	GlobalSection(ProjectConfigurationPlatforms) = postSolution
		{B71745C4-B37C-4D8D-B565-FC88ABE21619}.Debug|Any CPU.ActiveCfg = Debug|Any CPU
		{B71745C4-B37C-4D8D-B565-FC88ABE21619}.Debug|Any CPU.Build.0 = Debug|Any CPU
		{B71745C4-B37C-4D8D-B565-FC88ABE21619}.Release|Any CPU.ActiveCfg = Release|Any CPU
		{B71745C4-B37C-4D8D-B565-FC88ABE21619}.Release|Any CPU.Build.0 = Release|Any CPU
		{795CE307-531C-4CB5-A5EA-4D22A85BB0DC}.Debug|Any CPU.ActiveCfg = Debug|Any CPU
		{795CE307-531C-4CB5-A5EA-4D22A85BB0DC}.Debug|Any CPU.Build.0 = Debug|Any CPU
		{795CE307-531C-4CB5-A5EA-4D22A85BB0DC}.Release|Any CPU.ActiveCfg = Release|Any CPU
		{795CE307-531C-4CB5-A5EA-4D22A85BB0DC}.Release|Any CPU.Build.0 = Release|Any CPU
		{1F2CBA49-7192-4645-9441-5AAD94143682}.Debug|Any CPU.ActiveCfg = Debug|Any CPU
		{1F2CBA49-7192-4645-9441-5AAD94143682}.Debug|Any CPU.Build.0 = Debug|Any CPU
		{1F2CBA49-7192-4645-9441-5AAD94143682}.Release|Any CPU.ActiveCfg = Release|Any CPU
		{1F2CBA49-7192-4645-9441-5AAD94143682}.Release|Any CPU.Build.0 = Release|Any CPU
	EndGlobalSection
EndGlobal
